<?xml version="1.0" encoding="UTF-8"?>
<Scheme
   LastUpgradeVersion = "1310"
   version = "1.3">
   <BuildAction
      parallelizeBuildables = "YES"
      buildImplicitDependencies = "YES">
      <BuildActionEntries>
         <BuildActionEntry
            buildForTesting = "YES"
            buildForRunning = "YES"
            buildForProfiling = "YES"
            buildForArchiving = "YES"
            buildForAnalyzing = "YES">
            <BuildableReference
               BuildableIdentifier = "primary"
               BlueprintIdentifier = "B99D0EFF288A80B600E93598"
               BuildableName = "NYNewsApp--CodingChallenge--ChristopherBoyajian.app"
               BlueprintName = "NYNewsApp--CodingChallenge--ChristopherBoyajian"
               ReferencedContainer = "container:NYNewsApp--CodingChallenge--ChristopherBoyajian.xcodeproj">
            </BuildableReference>
         </BuildActionEntry>
      </BuildActionEntries>
   </BuildAction>
   <TestAction
      buildConfiguration = "Debug"
      selectedDebuggerIdentifier = "Xcode.DebuggerFoundation.Debugger.LLDB"
      selectedLauncherIdentifier = "Xcode.DebuggerFoundation.Launcher.LLDB"
      shouldUseLaunchSchemeArgsEnv = "YES">
      <Testables>
         <TestableReference
            skipped = "NO">
            <BuildableReference
               BuildableIdentifier = "primary"
               BlueprintIdentifier = "B986D86D288CA74900C7AE79"
               BuildableName = "NYNewsApp--CodingChallenge--ChristopherBoyajianUITests.xctest"
               BlueprintName = "NYNewsApp--CodingChallenge--ChristopherBoyajianUITests"
               ReferencedContainer = "container:NYNewsApp--CodingChallenge--ChristopherBoyajian.xcodeproj">
            </BuildableReference>
         </TestableReference>
         <TestableReference
            skipped = "NO">
            <BuildableReference
               BuildableIdentifier = "primary"
               BlueprintIdentifier = "B986D880288FE9A900C7AE79"
               BuildableName = "NYNewsApp--CodingChallenge--ChristopherBoyajianTests.xctest"
               BlueprintName = "NYNewsApp--CodingChallenge--ChristopherBoyajianTests"
               ReferencedContainer = "container:NYNewsApp--CodingChallenge--ChristopherBoyajian.xcodeproj">
            </BuildableReference>
         </TestableReference>
      </Testables>
   </TestAction>
   <LaunchAction
      buildConfiguration = "Debug"
      selectedDebuggerIdentifier = "Xcode.DebuggerFoundation.Debugger.LLDB"
      selectedLauncherIdentifier = "Xcode.DebuggerFoundation.Launcher.LLDB"
      launchStyle = "0"
      useCustomWorkingDirectory = "NO"
      ignoresPersistentStateOnLaunch = "NO"
      debugDocumentVersioning = "YES"
      debugServiceExtension = "internal"
      allowLocationSimulation = "YES">
      <BuildableProductRunnable
         runnableDebuggingMode = "0">
         <BuildableReference
            BuildableIdentifier = "primary"
            BlueprintIdentifier = "B99D0EFF288A80B600E93598"
            BuildableName = "NYNewsApp--CodingChallenge--ChristopherBoyajian.app"
            BlueprintName = "NYNewsApp--CodingChallenge--ChristopherBoyajian"
            ReferencedContainer = "container:NYNewsApp--CodingChallenge--ChristopherBoyajian.xcodeproj">
         </BuildableReference>
      </BuildableProductRunnable>
   </LaunchAction>
   <ProfileAction
      buildConfiguration = "Release"
      shouldUseLaunchSchemeArgsEnv = "YES"
      savedToolIdentifier = ""
      useCustomWorkingDirectory = "NO"
      debugDocumentVersioning = "YES">
      <BuildableProductRunnable
         runnableDebuggingMode = "0">
         <BuildableReference
            BuildableIdentifier = "primary"
            BlueprintIdentifier = "B99D0EFF288A80B600E93598"
            BuildableName = "NYNewsApp--CodingChallenge--ChristopherBoyajian.app"
            BlueprintName = "NYNewsApp--CodingChallenge--ChristopherBoyajian"
            ReferencedContainer = "container:NYNewsApp--CodingChallenge--ChristopherBoyajian.xcodeproj">
         </BuildableReference>
      </BuildableProductRunnable>
   </ProfileAction>
   <AnalyzeAction
      buildConfiguration = "Debug">
   </AnalyzeAction>
   <ArchiveAction
      buildConfiguration = "Release"
      revealArchiveInOrganizer = "YES">
   </ArchiveAction>
</Scheme>
